{
	"name": "vscode-languageserver-perl6",
	"version": "0.0.1",
	"lockfileVersion": 1,
	"requires": true,
	"dependencies": {
		"@types/mocha": {
			"version": "2.2.45",
			"resolved": "https://registry.npmjs.org/@types/mocha/-/mocha-2.2.45.tgz",
			"integrity": "sha512-tE1SYtNG3I3atRVPELSGN2FJJJtPg3O/G0tycYSyzeDqdAbdLPRH089LhpWYA5M/iHeWHkVZq/b0OVKngcK0Eg==",
			"dev": true,
			"requires": {
				"@types/node": "6.0.95"
			}
		},
		"@types/node": {
			"version": "6.0.95",
			"resolved": "https://registry.npmjs.org/@types/node/-/node-6.0.95.tgz",
			"integrity": "sha512-d1Twx1NM49dQ7jbNZfaHTQWuYL9cFVrGxYpbc3BvMf4626lOJOZnp2aJQNB9vP/WX3UOe1TrTUMABrGRu6FZhg==",
			"dev": true
		},
		"@types/tmp": {
			"version": "0.0.33",
			"resolved": "https://registry.npmjs.org/@types/tmp/-/tmp-0.0.33.tgz",
			"integrity": "sha1-EHPEvIJHVK49EM+riKsCN7qWTk0="
		},
		"typescript": {
			"version": "2.6.2",
			"resolved": "https://registry.npmjs.org/typescript/-/typescript-2.6.2.tgz",
			"integrity": "sha1-PFtv1/beCRQmkCfwPAlGdY92c6Q=",
			"dev": true
		}
	}
}
